
Microsoft Visual Studio Solution File, Format Version 12.00
# Visual Studio Version 16
VisualStudioVersion = 16.0.30804.86
MinimumVisualStudioVersion = 10.0.40219.1
Project("{9A19103F-16F7-4668-BE54-9A1E7A4F7556}") = "SlimeFarmAPI", "SlimeFarmAPI\SlimeFarmAPI.csproj", "{7F662369-7632-498B-BAAA-083F6DDDF28D}"
EndProject
Global
	GlobalSection(SolutionConfigurationPlatforms) = preSolution
		Debug|Any CPU = Debug|Any CPU
		Debug|x64 = Debug|x64
		Release|Any CPU = Release|Any CPU
		Release|x64 = Release|x64
	EndGlobalSection
	GlobalSection(ProjectConfigurationPlatforms) = postSolution
		{7F662369-7632-498B-BAAA-083F6DDDF28D}.Debug|Any CPU.ActiveCfg = Debug|Any CPU
		{7F662369-7632-498B-BAAA-083F6DDDF28D}.Debug|Any CPU.Build.0 = Debug|Any CPU
		{7F662369-7632-498B-BAAA-083F6DDDF28D}.Debug|x64.ActiveCfg = Debug|x64
		{7F662369-7632-498B-BAAA-083F6DDDF28D}.Debug|x64.Build.0 = Debug|x64
		{7F662369-7632-498B-BAAA-083F6DDDF28D}.Release|Any CPU.ActiveCfg = Release|Any CPU
		{7F662369-7632-498B-BAAA-083F6DDDF28D}.Release|Any CPU.Build.0 = Release|Any CPU
		{7F662369-7632-498B-BAAA-083F6DDDF28D}.Release|x64.ActiveCfg = Release|x64
		{7F662369-7632-498B-BAAA-083F6DDDF28D}.Release|x64.Build.0 = Release|x64
	EndGlobalSection
	GlobalSection(SolutionProperties) = preSolution
		HideSolutionNode = FALSE
	EndGlobalSection
	GlobalSection(ExtensibilityGlobals) = postSolution
		SolutionGuid = {BA22E262-95D2-40AB-A3E1-4E47471F65BF}
	EndGlobalSection
EndGlobal
